
Microsoft Visual Studio Solution File, Format Version 12.00
Project("{F2A71F9B-5D33-465A-A702-920D77279786}") = "Day_1_2021", "2021\Day_1_2021\Day_1_2021.fsproj", "{C9175E5B-BC62-4453-9995-93944C8DC6D5}"
EndProject
Project("{F2A71F9B-5D33-465A-A702-920D77279786}") = "Day_2_2021", "2021\Day_2_2021\Day_2_2021.fsproj", "{AF94A00F-F162-4474-903A-FBE58574E3FA}"
EndProject
Project("{F2A71F9B-5D33-465A-A702-920D77279786}") = "Day_3_2021", "2021\Day_3_2021\Day_3_2021.fsproj", "{A1FD2D1A-A65F-4703-AD0B-AB16093B3749}"
EndProject
Project("{F2A71F9B-5D33-465A-A702-920D77279786}") = "Day_4_2021", "2021\Day_4_2021\Day_4_2021.fsproj", "{41BA5B2A-F41D-4ED7-B6E8-5709B0333AB4}"
EndProject
Project("{F2A71F9B-5D33-465A-A702-920D77279786}") = "Day_1_2022", "2022\Day_1_2022\Day_1_2022.fsproj", "{1F95EC95-5970-4233-B3CF-CDE22F622BEA}"
EndProject
Project("{F2A71F9B-5D33-465A-A702-920D77279786}") = "Day_2_2022", "2022\Day_2_2022\Day_2_2022.fsproj", "{50F61459-0270-4513-ACC0-2B05586D3F15}"
EndProject
Project("{F2A71F9B-5D33-465A-A702-920D77279786}") = "Day_3_2022", "2022\Day_3_2022\Day_3_2022.fsproj", "{7290252B-D6D7-4934-8FB0-9DDB4DFD744B}"
EndProject
Project("{2150E333-8FDC-42A3-9474-1A3956D46DE8}") = "2022", "2022", "{C11C805E-BAE1-49AD-8A55-45D5FCD31E16}"
EndProject
Project("{2150E333-8FDC-42A3-9474-1A3956D46DE8}") = "2021", "2021", "{BE450C74-A9CC-4D30-95BF-0D6F092AAC9A}"
EndProject
Project("{F2A71F9B-5D33-465A-A702-920D77279786}") = "Day_4_2022", "2022\Day_4_2022\Day_4_2022.fsproj", "{FFB2557F-E6D2-4FA1-83F5-2270E9D34AF2}"
EndProject
Project("{F2A71F9B-5D33-465A-A702-920D77279786}") = "Day_6_2022", "2022\Day_6_2022\Day_6_2022.fsproj", "{4CB018D9-6D78-43D2-85AB-63E7D844E335}"
EndProject
Project("{F2A71F9B-5D33-465A-A702-920D77279786}") = "Day_5_2022", "2022\Day_5_2022\Day_5_2022.fsproj", "{F1B53E0A-EDD4-4863-90AE-FE7645783221}"
EndProject
Project("{2150E333-8FDC-42A3-9474-1A3956D46DE8}") = "2016", "2016", "{0086D6CF-D5F0-4BDF-8BE4-D5F7C43B420E}"
EndProject
Project("{F2A71F9B-5D33-465A-A702-920D77279786}") = "Day_1_2016", "2016\Day_1_2016\Day_1_2016.fsproj", "{82A62791-9952-44DA-A419-9222BC2DC029}"
EndProject
Project("{2150E333-8FDC-42A3-9474-1A3956D46DE8}") = "2023", "2023", "{40B8A49D-B22B-4195-B448-D4A72EA63FBC}"
EndProject
Project("{F2A71F9B-5D33-465A-A702-920D77279786}") = "Day_1_2023", "2023\Day_1_2023\Day_1_2023.fsproj", "{382EEB98-6E4A-4C23-8BC5-6A10914C47EE}"
EndProject
Project("{F2A71F9B-5D33-465A-A702-920D77279786}") = "Day_2_2023", "2023\Day_2_2023\Day_2_2023.fsproj", "{31E2535C-0D77-475D-88AC-894859BDDD8F}"
EndProject
Project("{F2A71F9B-5D33-465A-A702-920D77279786}") = "Day_3_2023", "2023\Day_3_2023\Day_3_2023.fsproj", "{1AA97436-E6B9-46E4-A94F-934B08988F72}"
EndProject
Project("{F2A71F9B-5D33-465A-A702-920D77279786}") = "Day_4_2023", "2023\Day_4_2023\Day_4_2023.fsproj", "{7A0A3BD6-28D5-4D6A-BE9D-7D667F9EB25E}"
EndProject
Project("{2150E333-8FDC-42A3-9474-1A3956D46DE8}") = "2024", "2024", "{FDFA8BA5-DA08-40A9-918A-C5D8D9C7F59C}"
EndProject
Project("{F2A71F9B-5D33-465A-A702-920D77279786}") = "Day_1_2024", "2024\Day_1_2024\Day_1_2024.fsproj", "{6F01FDEF-678C-4552-BB29-EDEFE13D788F}"
EndProject
Project("{F2A71F9B-5D33-465A-A702-920D77279786}") = "Day_2_2024", "2024\Day_2_2024\Day_2_2024.fsproj", "{E5B9C0B1-CCA1-4E25-BDEE-D56C79C853C3}"
EndProject
Project("{F2A71F9B-5D33-465A-A702-920D77279786}") = "Day_3_2024", "2024\Day_3_2024\Day_3_2024.fsproj", "{E8546D0C-0FE9-46B3-92A6-0F712927D2AE}"
EndProject
Project("{F2A71F9B-5D33-465A-A702-920D77279786}") = "Day_4_2024", "2024\Day_4_2024\Day_4_2024.fsproj", "{20383677-0C37-4A6D-A500-7D1AFBF9760C}"
EndProject
Project("{F2A71F9B-5D33-465A-A702-920D77279786}") = "Day_5_2024", "2024\Day_5_2024\Day_5_2024.fsproj", "{E8BC77B7-2FEF-4698-BB16-18B9305750EE}"
EndProject
Project("{F2A71F9B-5D33-465A-A702-920D77279786}") = "Day_6_2024", "2024\Day_6_2024\Day_6_2024.fsproj", "{4D79BC99-35DA-41A3-896E-71A930276BB1}"
EndProject
Project("{F2A71F9B-5D33-465A-A702-920D77279786}") = "Day_7_2024", "2024\Day_7_2024\Day_7_2024.fsproj", "{BCB341C8-0AE5-45F6-95F6-C539E7EC6D51}"
EndProject
Project("{F2A71F9B-5D33-465A-A702-920D77279786}") = "Day_2_2016", "2016\Day_2_2016\Day_2_2016.fsproj", "{0A0B5385-8A17-4096-8BEA-CB23AC69E01C}"
EndProject
Project("{F2A71F9B-5D33-465A-A702-920D77279786}") = "Day_3_2016", "2016\Day_3_2016\Day_3_2016.fsproj", "{A003FE13-02EB-458E-A399-98ABECF939DF}"
EndProject
Project("{F2A71F9B-5D33-465A-A702-920D77279786}") = "Day_8_2024", "2024\Day_8_2024\Day_8_2024.fsproj", "{D47FC1BF-A919-4152-98F5-985A1E617A1A}"
EndProject
Project("{F2A71F9B-5D33-465A-A702-920D77279786}") = "Day_4_2016", "2016\Day_4_2016\Day_4_2016.fsproj", "{24E43DCC-457C-40F8-8472-946B569194B1}"
EndProject
Project("{F2A71F9B-5D33-465A-A702-920D77279786}") = "Day_5_2016", "2016\Day_5_2016\Day_5_2016.fsproj", "{8D48B740-29D5-4603-A0C7-9C0BB7ADD97F}"
EndProject
Global
	GlobalSection(SolutionConfigurationPlatforms) = preSolution
		Debug|Any CPU = Debug|Any CPU
		Release|Any CPU = Release|Any CPU
	EndGlobalSection
	GlobalSection(ProjectConfigurationPlatforms) = postSolution
		{C9175E5B-BC62-4453-9995-93944C8DC6D5}.Debug|Any CPU.ActiveCfg = Debug|Any CPU
		{C9175E5B-BC62-4453-9995-93944C8DC6D5}.Debug|Any CPU.Build.0 = Debug|Any CPU
		{C9175E5B-BC62-4453-9995-93944C8DC6D5}.Release|Any CPU.ActiveCfg = Release|Any CPU
		{C9175E5B-BC62-4453-9995-93944C8DC6D5}.Release|Any CPU.Build.0 = Release|Any CPU
		{AF94A00F-F162-4474-903A-FBE58574E3FA}.Debug|Any CPU.ActiveCfg = Debug|Any CPU
		{AF94A00F-F162-4474-903A-FBE58574E3FA}.Debug|Any CPU.Build.0 = Debug|Any CPU
		{AF94A00F-F162-4474-903A-FBE58574E3FA}.Release|Any CPU.ActiveCfg = Release|Any CPU
		{AF94A00F-F162-4474-903A-FBE58574E3FA}.Release|Any CPU.Build.0 = Release|Any CPU
		{A1FD2D1A-A65F-4703-AD0B-AB16093B3749}.Debug|Any CPU.ActiveCfg = Debug|Any CPU
		{A1FD2D1A-A65F-4703-AD0B-AB16093B3749}.Debug|Any CPU.Build.0 = Debug|Any CPU
		{A1FD2D1A-A65F-4703-AD0B-AB16093B3749}.Release|Any CPU.ActiveCfg = Release|Any CPU
		{A1FD2D1A-A65F-4703-AD0B-AB16093B3749}.Release|Any CPU.Build.0 = Release|Any CPU
		{41BA5B2A-F41D-4ED7-B6E8-5709B0333AB4}.Debug|Any CPU.ActiveCfg = Debug|Any CPU
		{41BA5B2A-F41D-4ED7-B6E8-5709B0333AB4}.Debug|Any CPU.Build.0 = Debug|Any CPU
		{41BA5B2A-F41D-4ED7-B6E8-5709B0333AB4}.Release|Any CPU.ActiveCfg = Release|Any CPU
		{41BA5B2A-F41D-4ED7-B6E8-5709B0333AB4}.Release|Any CPU.Build.0 = Release|Any CPU
		{1F95EC95-5970-4233-B3CF-CDE22F622BEA}.Debug|Any CPU.ActiveCfg = Debug|Any CPU
		{1F95EC95-5970-4233-B3CF-CDE22F622BEA}.Debug|Any CPU.Build.0 = Debug|Any CPU
		{1F95EC95-5970-4233-B3CF-CDE22F622BEA}.Release|Any CPU.ActiveCfg = Release|Any CPU
		{1F95EC95-5970-4233-B3CF-CDE22F622BEA}.Release|Any CPU.Build.0 = Release|Any CPU
		{50F61459-0270-4513-ACC0-2B05586D3F15}.Debug|Any CPU.ActiveCfg = Debug|Any CPU
		{50F61459-0270-4513-ACC0-2B05586D3F15}.Debug|Any CPU.Build.0 = Debug|Any CPU
		{50F61459-0270-4513-ACC0-2B05586D3F15}.Release|Any CPU.ActiveCfg = Release|Any CPU
		{50F61459-0270-4513-ACC0-2B05586D3F15}.Release|Any CPU.Build.0 = Release|Any CPU
		{7290252B-D6D7-4934-8FB0-9DDB4DFD744B}.Debug|Any CPU.ActiveCfg = Debug|Any CPU
		{7290252B-D6D7-4934-8FB0-9DDB4DFD744B}.Debug|Any CPU.Build.0 = Debug|Any CPU
		{7290252B-D6D7-4934-8FB0-9DDB4DFD744B}.Release|Any CPU.ActiveCfg = Release|Any CPU
		{7290252B-D6D7-4934-8FB0-9DDB4DFD744B}.Release|Any CPU.Build.0 = Release|Any CPU
		{FFB2557F-E6D2-4FA1-83F5-2270E9D34AF2}.Debug|Any CPU.ActiveCfg = Debug|Any CPU
		{FFB2557F-E6D2-4FA1-83F5-2270E9D34AF2}.Debug|Any CPU.Build.0 = Debug|Any CPU
		{FFB2557F-E6D2-4FA1-83F5-2270E9D34AF2}.Release|Any CPU.ActiveCfg = Release|Any CPU
		{FFB2557F-E6D2-4FA1-83F5-2270E9D34AF2}.Release|Any CPU.Build.0 = Release|Any CPU
		{4CB018D9-6D78-43D2-85AB-63E7D844E335}.Debug|Any CPU.ActiveCfg = Debug|Any CPU
		{4CB018D9-6D78-43D2-85AB-63E7D844E335}.Debug|Any CPU.Build.0 = Debug|Any CPU
		{4CB018D9-6D78-43D2-85AB-63E7D844E335}.Release|Any CPU.ActiveCfg = Release|Any CPU
		{4CB018D9-6D78-43D2-85AB-63E7D844E335}.Release|Any CPU.Build.0 = Release|Any CPU
		{F1B53E0A-EDD4-4863-90AE-FE7645783221}.Debug|Any CPU.ActiveCfg = Debug|Any CPU
		{F1B53E0A-EDD4-4863-90AE-FE7645783221}.Debug|Any CPU.Build.0 = Debug|Any CPU
		{F1B53E0A-EDD4-4863-90AE-FE7645783221}.Release|Any CPU.ActiveCfg = Release|Any CPU
		{F1B53E0A-EDD4-4863-90AE-FE7645783221}.Release|Any CPU.Build.0 = Release|Any CPU
		{82A62791-9952-44DA-A419-9222BC2DC029}.Debug|Any CPU.ActiveCfg = Debug|Any CPU
		{82A62791-9952-44DA-A419-9222BC2DC029}.Debug|Any CPU.Build.0 = Debug|Any CPU
		{82A62791-9952-44DA-A419-9222BC2DC029}.Release|Any CPU.ActiveCfg = Release|Any CPU
		{82A62791-9952-44DA-A419-9222BC2DC029}.Release|Any CPU.Build.0 = Release|Any CPU
		{382EEB98-6E4A-4C23-8BC5-6A10914C47EE}.Debug|Any CPU.ActiveCfg = Debug|Any CPU
		{382EEB98-6E4A-4C23-8BC5-6A10914C47EE}.Debug|Any CPU.Build.0 = Debug|Any CPU
		{382EEB98-6E4A-4C23-8BC5-6A10914C47EE}.Release|Any CPU.ActiveCfg = Release|Any CPU
		{382EEB98-6E4A-4C23-8BC5-6A10914C47EE}.Release|Any CPU.Build.0 = Release|Any CPU
		{31E2535C-0D77-475D-88AC-894859BDDD8F}.Debug|Any CPU.ActiveCfg = Debug|Any CPU
		{31E2535C-0D77-475D-88AC-894859BDDD8F}.Debug|Any CPU.Build.0 = Debug|Any CPU
		{31E2535C-0D77-475D-88AC-894859BDDD8F}.Release|Any CPU.ActiveCfg = Release|Any CPU
		{31E2535C-0D77-475D-88AC-894859BDDD8F}.Release|Any CPU.Build.0 = Release|Any CPU
		{1AA97436-E6B9-46E4-A94F-934B08988F72}.Debug|Any CPU.ActiveCfg = Debug|Any CPU
		{1AA97436-E6B9-46E4-A94F-934B08988F72}.Debug|Any CPU.Build.0 = Debug|Any CPU
		{1AA97436-E6B9-46E4-A94F-934B08988F72}.Release|Any CPU.ActiveCfg = Release|Any CPU
		{1AA97436-E6B9-46E4-A94F-934B08988F72}.Release|Any CPU.Build.0 = Release|Any CPU
		{7A0A3BD6-28D5-4D6A-BE9D-7D667F9EB25E}.Debug|Any CPU.ActiveCfg = Debug|Any CPU
		{7A0A3BD6-28D5-4D6A-BE9D-7D667F9EB25E}.Debug|Any CPU.Build.0 = Debug|Any CPU
		{7A0A3BD6-28D5-4D6A-BE9D-7D667F9EB25E}.Release|Any CPU.ActiveCfg = Release|Any CPU
		{7A0A3BD6-28D5-4D6A-BE9D-7D667F9EB25E}.Release|Any CPU.Build.0 = Release|Any CPU
		{6F01FDEF-678C-4552-BB29-EDEFE13D788F}.Debug|Any CPU.ActiveCfg = Debug|Any CPU
		{6F01FDEF-678C-4552-BB29-EDEFE13D788F}.Debug|Any CPU.Build.0 = Debug|Any CPU
		{6F01FDEF-678C-4552-BB29-EDEFE13D788F}.Release|Any CPU.ActiveCfg = Release|Any CPU
		{6F01FDEF-678C-4552-BB29-EDEFE13D788F}.Release|Any CPU.Build.0 = Release|Any CPU
		{E5B9C0B1-CCA1-4E25-BDEE-D56C79C853C3}.Debug|Any CPU.ActiveCfg = Debug|Any CPU
		{E5B9C0B1-CCA1-4E25-BDEE-D56C79C853C3}.Debug|Any CPU.Build.0 = Debug|Any CPU
		{E5B9C0B1-CCA1-4E25-BDEE-D56C79C853C3}.Release|Any CPU.ActiveCfg = Release|Any CPU
		{E5B9C0B1-CCA1-4E25-BDEE-D56C79C853C3}.Release|Any CPU.Build.0 = Release|Any CPU
		{E8546D0C-0FE9-46B3-92A6-0F712927D2AE}.Debug|Any CPU.ActiveCfg = Debug|Any CPU
		{E8546D0C-0FE9-46B3-92A6-0F712927D2AE}.Debug|Any CPU.Build.0 = Debug|Any CPU
		{E8546D0C-0FE9-46B3-92A6-0F712927D2AE}.Release|Any CPU.ActiveCfg = Release|Any CPU
		{E8546D0C-0FE9-46B3-92A6-0F712927D2AE}.Release|Any CPU.Build.0 = Release|Any CPU
		{20383677-0C37-4A6D-A500-7D1AFBF9760C}.Debug|Any CPU.ActiveCfg = Debug|Any CPU
		{20383677-0C37-4A6D-A500-7D1AFBF9760C}.Debug|Any CPU.Build.0 = Debug|Any CPU
		{20383677-0C37-4A6D-A500-7D1AFBF9760C}.Release|Any CPU.ActiveCfg = Release|Any CPU
		{20383677-0C37-4A6D-A500-7D1AFBF9760C}.Release|Any CPU.Build.0 = Release|Any CPU
		{E8BC77B7-2FEF-4698-BB16-18B9305750EE}.Debug|Any CPU.ActiveCfg = Debug|Any CPU
		{E8BC77B7-2FEF-4698-BB16-18B9305750EE}.Debug|Any CPU.Build.0 = Debug|Any CPU
		{E8BC77B7-2FEF-4698-BB16-18B9305750EE}.Release|Any CPU.ActiveCfg = Release|Any CPU
		{E8BC77B7-2FEF-4698-BB16-18B9305750EE}.Release|Any CPU.Build.0 = Release|Any CPU
		{4D79BC99-35DA-41A3-896E-71A930276BB1}.Debug|Any CPU.ActiveCfg = Debug|Any CPU
		{4D79BC99-35DA-41A3-896E-71A930276BB1}.Debug|Any CPU.Build.0 = Debug|Any CPU
		{4D79BC99-35DA-41A3-896E-71A930276BB1}.Release|Any CPU.ActiveCfg = Release|Any CPU
		{4D79BC99-35DA-41A3-896E-71A930276BB1}.Release|Any CPU.Build.0 = Release|Any CPU
		{BCB341C8-0AE5-45F6-95F6-C539E7EC6D51}.Debug|Any CPU.ActiveCfg = Debug|Any CPU
		{BCB341C8-0AE5-45F6-95F6-C539E7EC6D51}.Debug|Any CPU.Build.0 = Debug|Any CPU
		{BCB341C8-0AE5-45F6-95F6-C539E7EC6D51}.Release|Any CPU.ActiveCfg = Release|Any CPU
		{BCB341C8-0AE5-45F6-95F6-C539E7EC6D51}.Release|Any CPU.Build.0 = Release|Any CPU
		{0A0B5385-8A17-4096-8BEA-CB23AC69E01C}.Debug|Any CPU.ActiveCfg = Debug|Any CPU
		{0A0B5385-8A17-4096-8BEA-CB23AC69E01C}.Debug|Any CPU.Build.0 = Debug|Any CPU
		{0A0B5385-8A17-4096-8BEA-CB23AC69E01C}.Release|Any CPU.ActiveCfg = Release|Any CPU
		{0A0B5385-8A17-4096-8BEA-CB23AC69E01C}.Release|Any CPU.Build.0 = Release|Any CPU
		{A003FE13-02EB-458E-A399-98ABECF939DF}.Debug|Any CPU.ActiveCfg = Debug|Any CPU
		{A003FE13-02EB-458E-A399-98ABECF939DF}.Debug|Any CPU.Build.0 = Debug|Any CPU
		{A003FE13-02EB-458E-A399-98ABECF939DF}.Release|Any CPU.ActiveCfg = Release|Any CPU
		{A003FE13-02EB-458E-A399-98ABECF939DF}.Release|Any CPU.Build.0 = Release|Any CPU
		{D47FC1BF-A919-4152-98F5-985A1E617A1A}.Debug|Any CPU.ActiveCfg = Debug|Any CPU
		{D47FC1BF-A919-4152-98F5-985A1E617A1A}.Debug|Any CPU.Build.0 = Debug|Any CPU
		{D47FC1BF-A919-4152-98F5-985A1E617A1A}.Release|Any CPU.ActiveCfg = Release|Any CPU
		{D47FC1BF-A919-4152-98F5-985A1E617A1A}.Release|Any CPU.Build.0 = Release|Any CPU
		{24E43DCC-457C-40F8-8472-946B569194B1}.Debug|Any CPU.ActiveCfg = Debug|Any CPU
		{24E43DCC-457C-40F8-8472-946B569194B1}.Debug|Any CPU.Build.0 = Debug|Any CPU
		{24E43DCC-457C-40F8-8472-946B569194B1}.Release|Any CPU.ActiveCfg = Release|Any CPU
		{24E43DCC-457C-40F8-8472-946B569194B1}.Release|Any CPU.Build.0 = Release|Any CPU
		{8D48B740-29D5-4603-A0C7-9C0BB7ADD97F}.Debug|Any CPU.ActiveCfg = Debug|Any CPU
		{8D48B740-29D5-4603-A0C7-9C0BB7ADD97F}.Debug|Any CPU.Build.0 = Debug|Any CPU
		{8D48B740-29D5-4603-A0C7-9C0BB7ADD97F}.Release|Any CPU.ActiveCfg = Release|Any CPU
		{8D48B740-29D5-4603-A0C7-9C0BB7ADD97F}.Release|Any CPU.Build.0 = Release|Any CPU
	EndGlobalSection
	GlobalSection(NestedProjects) = preSolution
		{1F95EC95-5970-4233-B3CF-CDE22F622BEA} = {C11C805E-BAE1-49AD-8A55-45D5FCD31E16}
		{50F61459-0270-4513-ACC0-2B05586D3F15} = {C11C805E-BAE1-49AD-8A55-45D5FCD31E16}
		{7290252B-D6D7-4934-8FB0-9DDB4DFD744B} = {C11C805E-BAE1-49AD-8A55-45D5FCD31E16}
		{C9175E5B-BC62-4453-9995-93944C8DC6D5} = {BE450C74-A9CC-4D30-95BF-0D6F092AAC9A}
		{AF94A00F-F162-4474-903A-FBE58574E3FA} = {BE450C74-A9CC-4D30-95BF-0D6F092AAC9A}
		{A1FD2D1A-A65F-4703-AD0B-AB16093B3749} = {BE450C74-A9CC-4D30-95BF-0D6F092AAC9A}
		{41BA5B2A-F41D-4ED7-B6E8-5709B0333AB4} = {BE450C74-A9CC-4D30-95BF-0D6F092AAC9A}
		{FFB2557F-E6D2-4FA1-83F5-2270E9D34AF2} = {C11C805E-BAE1-49AD-8A55-45D5FCD31E16}
		{4CB018D9-6D78-43D2-85AB-63E7D844E335} = {C11C805E-BAE1-49AD-8A55-45D5FCD31E16}
		{F1B53E0A-EDD4-4863-90AE-FE7645783221} = {C11C805E-BAE1-49AD-8A55-45D5FCD31E16}
		{82A62791-9952-44DA-A419-9222BC2DC029} = {0086D6CF-D5F0-4BDF-8BE4-D5F7C43B420E}
		{382EEB98-6E4A-4C23-8BC5-6A10914C47EE} = {40B8A49D-B22B-4195-B448-D4A72EA63FBC}
		{31E2535C-0D77-475D-88AC-894859BDDD8F} = {40B8A49D-B22B-4195-B448-D4A72EA63FBC}
		{1AA97436-E6B9-46E4-A94F-934B08988F72} = {40B8A49D-B22B-4195-B448-D4A72EA63FBC}
		{7A0A3BD6-28D5-4D6A-BE9D-7D667F9EB25E} = {40B8A49D-B22B-4195-B448-D4A72EA63FBC}
		{6F01FDEF-678C-4552-BB29-EDEFE13D788F} = {FDFA8BA5-DA08-40A9-918A-C5D8D9C7F59C}
		{E5B9C0B1-CCA1-4E25-BDEE-D56C79C853C3} = {FDFA8BA5-DA08-40A9-918A-C5D8D9C7F59C}
		{E8546D0C-0FE9-46B3-92A6-0F712927D2AE} = {FDFA8BA5-DA08-40A9-918A-C5D8D9C7F59C}
		{20383677-0C37-4A6D-A500-7D1AFBF9760C} = {FDFA8BA5-DA08-40A9-918A-C5D8D9C7F59C}
		{E8BC77B7-2FEF-4698-BB16-18B9305750EE} = {FDFA8BA5-DA08-40A9-918A-C5D8D9C7F59C}
		{4D79BC99-35DA-41A3-896E-71A930276BB1} = {FDFA8BA5-DA08-40A9-918A-C5D8D9C7F59C}
		{BCB341C8-0AE5-45F6-95F6-C539E7EC6D51} = {FDFA8BA5-DA08-40A9-918A-C5D8D9C7F59C}
		{0A0B5385-8A17-4096-8BEA-CB23AC69E01C} = {0086D6CF-D5F0-4BDF-8BE4-D5F7C43B420E}
		{A003FE13-02EB-458E-A399-98ABECF939DF} = {0086D6CF-D5F0-4BDF-8BE4-D5F7C43B420E}
		{D47FC1BF-A919-4152-98F5-985A1E617A1A} = {FDFA8BA5-DA08-40A9-918A-C5D8D9C7F59C}
		{24E43DCC-457C-40F8-8472-946B569194B1} = {0086D6CF-D5F0-4BDF-8BE4-D5F7C43B420E}
		{8D48B740-29D5-4603-A0C7-9C0BB7ADD97F} = {0086D6CF-D5F0-4BDF-8BE4-D5F7C43B420E}
	EndGlobalSection
EndGlobal
