
Microsoft Visual Studio Solution File, Format Version 12.00
Project("{F2A71F9B-5D33-465A-A702-920D77279786}") = "Day1_2021", "Day1_2021\Day1_2021.fsproj", "{C9175E5B-BC62-4453-9995-93944C8DC6D5}"
EndProject
Project("{F2A71F9B-5D33-465A-A702-920D77279786}") = "Day2_2021", "Day2_2021\Day2_2021.fsproj", "{AF94A00F-F162-4474-903A-FBE58574E3FA}"
EndProject
Project("{F2A71F9B-5D33-465A-A702-920D77279786}") = "Day3_2021", "Day3_2021\Day3_2021.fsproj", "{A1FD2D1A-A65F-4703-AD0B-AB16093B3749}"
EndProject
Project("{F2A71F9B-5D33-465A-A702-920D77279786}") = "Day4_2021", "Day4_2021\Day4_2021.fsproj", "{41BA5B2A-F41D-4ED7-B6E8-5709B0333AB4}"
EndProject
Project("{F2A71F9B-5D33-465A-A702-920D77279786}") = "Day1_2022", "Day1_2022\Day1_2022.fsproj", "{1F95EC95-5970-4233-B3CF-CDE22F622BEA}"
EndProject
Project("{F2A71F9B-5D33-465A-A702-920D77279786}") = "Day2_2022", "Day2_2022\Day2_2022.fsproj", "{50F61459-0270-4513-ACC0-2B05586D3F15}"
EndProject
Project("{F2A71F9B-5D33-465A-A702-920D77279786}") = "Day3_2022", "Day3_2022\Day3_2022.fsproj", "{7290252B-D6D7-4934-8FB0-9DDB4DFD744B}"
EndProject
Project("{2150E333-8FDC-42A3-9474-1A3956D46DE8}") = "2022", "2022", "{C11C805E-BAE1-49AD-8A55-45D5FCD31E16}"
EndProject
Project("{2150E333-8FDC-42A3-9474-1A3956D46DE8}") = "2021", "2021", "{BE450C74-A9CC-4D30-95BF-0D6F092AAC9A}"
EndProject
Project("{F2A71F9B-5D33-465A-A702-920D77279786}") = "Day4_2022", "Day4_2022\Day4_2022.fsproj", "{FFB2557F-E6D2-4FA1-83F5-2270E9D34AF2}"
EndProject
Project("{F2A71F9B-5D33-465A-A702-920D77279786}") = "Day6_2022", "Day6_2022\Day6_2022.fsproj", "{4CB018D9-6D78-43D2-85AB-63E7D844E335}"
EndProject
Project("{F2A71F9B-5D33-465A-A702-920D77279786}") = "Day5_2022", "Day5_2022\Day5_2022.fsproj", "{F1B53E0A-EDD4-4863-90AE-FE7645783221}"
EndProject
Project("{2150E333-8FDC-42A3-9474-1A3956D46DE8}") = "2016", "2016", "{0086D6CF-D5F0-4BDF-8BE4-D5F7C43B420E}"
EndProject
Project("{F2A71F9B-5D33-465A-A702-920D77279786}") = "2016_Day_1", "2016_Day_1\2016_Day_1.fsproj", "{82A62791-9952-44DA-A419-9222BC2DC029}"
EndProject
Project("{2150E333-8FDC-42A3-9474-1A3956D46DE8}") = "2023", "2023", "{40B8A49D-B22B-4195-B448-D4A72EA63FBC}"
EndProject
Project("{F2A71F9B-5D33-465A-A702-920D77279786}") = "Day_1", "Day_1\Day_1.fsproj", "{382EEB98-6E4A-4C23-8BC5-6A10914C47EE}"
EndProject
Global
	GlobalSection(SolutionConfigurationPlatforms) = preSolution
		Debug|Any CPU = Debug|Any CPU
		Release|Any CPU = Release|Any CPU
	EndGlobalSection
	GlobalSection(ProjectConfigurationPlatforms) = postSolution
		{C9175E5B-BC62-4453-9995-93944C8DC6D5}.Debug|Any CPU.ActiveCfg = Debug|Any CPU
		{C9175E5B-BC62-4453-9995-93944C8DC6D5}.Debug|Any CPU.Build.0 = Debug|Any CPU
		{C9175E5B-BC62-4453-9995-93944C8DC6D5}.Release|Any CPU.ActiveCfg = Release|Any CPU
		{C9175E5B-BC62-4453-9995-93944C8DC6D5}.Release|Any CPU.Build.0 = Release|Any CPU
		{AF94A00F-F162-4474-903A-FBE58574E3FA}.Debug|Any CPU.ActiveCfg = Debug|Any CPU
		{AF94A00F-F162-4474-903A-FBE58574E3FA}.Debug|Any CPU.Build.0 = Debug|Any CPU
		{AF94A00F-F162-4474-903A-FBE58574E3FA}.Release|Any CPU.ActiveCfg = Release|Any CPU
		{AF94A00F-F162-4474-903A-FBE58574E3FA}.Release|Any CPU.Build.0 = Release|Any CPU
		{A1FD2D1A-A65F-4703-AD0B-AB16093B3749}.Debug|Any CPU.ActiveCfg = Debug|Any CPU
		{A1FD2D1A-A65F-4703-AD0B-AB16093B3749}.Debug|Any CPU.Build.0 = Debug|Any CPU
		{A1FD2D1A-A65F-4703-AD0B-AB16093B3749}.Release|Any CPU.ActiveCfg = Release|Any CPU
		{A1FD2D1A-A65F-4703-AD0B-AB16093B3749}.Release|Any CPU.Build.0 = Release|Any CPU
		{41BA5B2A-F41D-4ED7-B6E8-5709B0333AB4}.Debug|Any CPU.ActiveCfg = Debug|Any CPU
		{41BA5B2A-F41D-4ED7-B6E8-5709B0333AB4}.Debug|Any CPU.Build.0 = Debug|Any CPU
		{41BA5B2A-F41D-4ED7-B6E8-5709B0333AB4}.Release|Any CPU.ActiveCfg = Release|Any CPU
		{41BA5B2A-F41D-4ED7-B6E8-5709B0333AB4}.Release|Any CPU.Build.0 = Release|Any CPU
		{1F95EC95-5970-4233-B3CF-CDE22F622BEA}.Debug|Any CPU.ActiveCfg = Debug|Any CPU
		{1F95EC95-5970-4233-B3CF-CDE22F622BEA}.Debug|Any CPU.Build.0 = Debug|Any CPU
		{1F95EC95-5970-4233-B3CF-CDE22F622BEA}.Release|Any CPU.ActiveCfg = Release|Any CPU
		{1F95EC95-5970-4233-B3CF-CDE22F622BEA}.Release|Any CPU.Build.0 = Release|Any CPU
		{50F61459-0270-4513-ACC0-2B05586D3F15}.Debug|Any CPU.ActiveCfg = Debug|Any CPU
		{50F61459-0270-4513-ACC0-2B05586D3F15}.Debug|Any CPU.Build.0 = Debug|Any CPU
		{50F61459-0270-4513-ACC0-2B05586D3F15}.Release|Any CPU.ActiveCfg = Release|Any CPU
		{50F61459-0270-4513-ACC0-2B05586D3F15}.Release|Any CPU.Build.0 = Release|Any CPU
		{7290252B-D6D7-4934-8FB0-9DDB4DFD744B}.Debug|Any CPU.ActiveCfg = Debug|Any CPU
		{7290252B-D6D7-4934-8FB0-9DDB4DFD744B}.Debug|Any CPU.Build.0 = Debug|Any CPU
		{7290252B-D6D7-4934-8FB0-9DDB4DFD744B}.Release|Any CPU.ActiveCfg = Release|Any CPU
		{7290252B-D6D7-4934-8FB0-9DDB4DFD744B}.Release|Any CPU.Build.0 = Release|Any CPU
		{FFB2557F-E6D2-4FA1-83F5-2270E9D34AF2}.Debug|Any CPU.ActiveCfg = Debug|Any CPU
		{FFB2557F-E6D2-4FA1-83F5-2270E9D34AF2}.Debug|Any CPU.Build.0 = Debug|Any CPU
		{FFB2557F-E6D2-4FA1-83F5-2270E9D34AF2}.Release|Any CPU.ActiveCfg = Release|Any CPU
		{FFB2557F-E6D2-4FA1-83F5-2270E9D34AF2}.Release|Any CPU.Build.0 = Release|Any CPU
		{4CB018D9-6D78-43D2-85AB-63E7D844E335}.Debug|Any CPU.ActiveCfg = Debug|Any CPU
		{4CB018D9-6D78-43D2-85AB-63E7D844E335}.Debug|Any CPU.Build.0 = Debug|Any CPU
		{4CB018D9-6D78-43D2-85AB-63E7D844E335}.Release|Any CPU.ActiveCfg = Release|Any CPU
		{4CB018D9-6D78-43D2-85AB-63E7D844E335}.Release|Any CPU.Build.0 = Release|Any CPU
		{F1B53E0A-EDD4-4863-90AE-FE7645783221}.Debug|Any CPU.ActiveCfg = Debug|Any CPU
		{F1B53E0A-EDD4-4863-90AE-FE7645783221}.Debug|Any CPU.Build.0 = Debug|Any CPU
		{F1B53E0A-EDD4-4863-90AE-FE7645783221}.Release|Any CPU.ActiveCfg = Release|Any CPU
		{F1B53E0A-EDD4-4863-90AE-FE7645783221}.Release|Any CPU.Build.0 = Release|Any CPU
		{82A62791-9952-44DA-A419-9222BC2DC029}.Debug|Any CPU.ActiveCfg = Debug|Any CPU
		{82A62791-9952-44DA-A419-9222BC2DC029}.Debug|Any CPU.Build.0 = Debug|Any CPU
		{82A62791-9952-44DA-A419-9222BC2DC029}.Release|Any CPU.ActiveCfg = Release|Any CPU
		{82A62791-9952-44DA-A419-9222BC2DC029}.Release|Any CPU.Build.0 = Release|Any CPU
		{382EEB98-6E4A-4C23-8BC5-6A10914C47EE}.Debug|Any CPU.ActiveCfg = Debug|Any CPU
		{382EEB98-6E4A-4C23-8BC5-6A10914C47EE}.Debug|Any CPU.Build.0 = Debug|Any CPU
		{382EEB98-6E4A-4C23-8BC5-6A10914C47EE}.Release|Any CPU.ActiveCfg = Release|Any CPU
		{382EEB98-6E4A-4C23-8BC5-6A10914C47EE}.Release|Any CPU.Build.0 = Release|Any CPU
	EndGlobalSection
	GlobalSection(NestedProjects) = preSolution
		{1F95EC95-5970-4233-B3CF-CDE22F622BEA} = {C11C805E-BAE1-49AD-8A55-45D5FCD31E16}
		{50F61459-0270-4513-ACC0-2B05586D3F15} = {C11C805E-BAE1-49AD-8A55-45D5FCD31E16}
		{7290252B-D6D7-4934-8FB0-9DDB4DFD744B} = {C11C805E-BAE1-49AD-8A55-45D5FCD31E16}
		{C9175E5B-BC62-4453-9995-93944C8DC6D5} = {BE450C74-A9CC-4D30-95BF-0D6F092AAC9A}
		{AF94A00F-F162-4474-903A-FBE58574E3FA} = {BE450C74-A9CC-4D30-95BF-0D6F092AAC9A}
		{A1FD2D1A-A65F-4703-AD0B-AB16093B3749} = {BE450C74-A9CC-4D30-95BF-0D6F092AAC9A}
		{41BA5B2A-F41D-4ED7-B6E8-5709B0333AB4} = {BE450C74-A9CC-4D30-95BF-0D6F092AAC9A}
		{FFB2557F-E6D2-4FA1-83F5-2270E9D34AF2} = {C11C805E-BAE1-49AD-8A55-45D5FCD31E16}
		{4CB018D9-6D78-43D2-85AB-63E7D844E335} = {C11C805E-BAE1-49AD-8A55-45D5FCD31E16}
		{F1B53E0A-EDD4-4863-90AE-FE7645783221} = {C11C805E-BAE1-49AD-8A55-45D5FCD31E16}
		{82A62791-9952-44DA-A419-9222BC2DC029} = {0086D6CF-D5F0-4BDF-8BE4-D5F7C43B420E}
		{382EEB98-6E4A-4C23-8BC5-6A10914C47EE} = {40B8A49D-B22B-4195-B448-D4A72EA63FBC}
	EndGlobalSection
EndGlobal
